
Microsoft Visual Studio Solution File, Format Version 12.00
# Visual Studio Version 16
VisualStudioVersion = 16.0.30204.135
MinimumVisualStudioVersion = 10.0.40219.1
Project("{9A19103F-16F7-4668-BE54-9A1E7A4F7556}") = "01_selection_sort", "01_selection_sort\01_selection_sort.csproj", "{0644C250-26BB-4A3E-97B5-6CE59201FDFA}"
EndProject
Project("{9A19103F-16F7-4668-BE54-9A1E7A4F7556}") = "02_merge_sort", "02_merge_sort\02_merge_sort.csproj", "{6F56562F-20CB-48A3-AD73-25249816881C}"
EndProject
Project("{FAE04EC0-301F-11D3-BF4B-00C04F79EFBC}") = "03_bubble_sort", "03_bubble_sort\03_bubble_sort.csproj", "{0FDC58DD-06D1-437F-B60B-B604C1B40A96}"
EndProject
Global
	GlobalSection(SolutionConfigurationPlatforms) = preSolution
		Debug|Any CPU = Debug|Any CPU
		Release|Any CPU = Release|Any CPU
	EndGlobalSection
	GlobalSection(ProjectConfigurationPlatforms) = postSolution
		{0644C250-26BB-4A3E-97B5-6CE59201FDFA}.Debug|Any CPU.ActiveCfg = Debug|Any CPU
		{0644C250-26BB-4A3E-97B5-6CE59201FDFA}.Debug|Any CPU.Build.0 = Debug|Any CPU
		{0644C250-26BB-4A3E-97B5-6CE59201FDFA}.Release|Any CPU.ActiveCfg = Release|Any CPU
		{0644C250-26BB-4A3E-97B5-6CE59201FDFA}.Release|Any CPU.Build.0 = Release|Any CPU
		{6F56562F-20CB-48A3-AD73-25249816881C}.Debug|Any CPU.ActiveCfg = Debug|Any CPU
		{6F56562F-20CB-48A3-AD73-25249816881C}.Debug|Any CPU.Build.0 = Debug|Any CPU
		{6F56562F-20CB-48A3-AD73-25249816881C}.Release|Any CPU.ActiveCfg = Release|Any CPU
		{6F56562F-20CB-48A3-AD73-25249816881C}.Release|Any CPU.Build.0 = Release|Any CPU
		{0FDC58DD-06D1-437F-B60B-B604C1B40A96}.Debug|Any CPU.ActiveCfg = Debug|Any CPU
		{0FDC58DD-06D1-437F-B60B-B604C1B40A96}.Debug|Any CPU.Build.0 = Debug|Any CPU
		{0FDC58DD-06D1-437F-B60B-B604C1B40A96}.Release|Any CPU.ActiveCfg = Release|Any CPU
		{0FDC58DD-06D1-437F-B60B-B604C1B40A96}.Release|Any CPU.Build.0 = Release|Any CPU
	EndGlobalSection
	GlobalSection(SolutionProperties) = preSolution
		HideSolutionNode = FALSE
	EndGlobalSection
	GlobalSection(ExtensibilityGlobals) = postSolution
		SolutionGuid = {45BD9FD1-F6F4-4B59-902C-D0B29BF0CA58}
	EndGlobalSection
EndGlobal
